
Microsoft Visual Studio Solution File, Format Version 12.00
# Visual Studio 15
VisualStudioVersion = 15.0.27130.0
MinimumVisualStudioVersion = 10.0.40219.1
Project("{9A19103F-16F7-4668-BE54-9A1E7A4F7556}") = "BilletLib", "BilletLib\BilletLib.csproj", "{06FBEFFE-CFA4-4A0E-9D66-7502847B65EC}"
EndProject
Project("{FAE04EC0-301F-11D3-BF4B-00C04F79EFBC}") = "BilletTest", "BilletTest\BilletTest.csproj", "{1653AB64-B9D2-47CB-A66C-B304246636E5}"
EndProject
Global
	GlobalSection(SolutionConfigurationPlatforms) = preSolution
		Debug|Any CPU = Debug|Any CPU
		Release|Any CPU = Release|Any CPU
	EndGlobalSection
	GlobalSection(ProjectConfigurationPlatforms) = postSolution
		{06FBEFFE-CFA4-4A0E-9D66-7502847B65EC}.Debug|Any CPU.ActiveCfg = Debug|Any CPU
		{06FBEFFE-CFA4-4A0E-9D66-7502847B65EC}.Debug|Any CPU.Build.0 = Debug|Any CPU
		{06FBEFFE-CFA4-4A0E-9D66-7502847B65EC}.Release|Any CPU.ActiveCfg = Release|Any CPU
		{06FBEFFE-CFA4-4A0E-9D66-7502847B65EC}.Release|Any CPU.Build.0 = Release|Any CPU
		{1653AB64-B9D2-47CB-A66C-B304246636E5}.Debug|Any CPU.ActiveCfg = Debug|Any CPU
		{1653AB64-B9D2-47CB-A66C-B304246636E5}.Debug|Any CPU.Build.0 = Debug|Any CPU
		{1653AB64-B9D2-47CB-A66C-B304246636E5}.Release|Any CPU.ActiveCfg = Release|Any CPU
		{1653AB64-B9D2-47CB-A66C-B304246636E5}.Release|Any CPU.Build.0 = Release|Any CPU
	EndGlobalSection
	GlobalSection(SolutionProperties) = preSolution
		HideSolutionNode = FALSE
	EndGlobalSection
	GlobalSection(ExtensibilityGlobals) = postSolution
		SolutionGuid = {582CA5B0-16A9-43BE-80DA-3D69C784C8D5}
	EndGlobalSection
EndGlobal
